
Microsoft Visual Studio Solution File, Format Version 12.00
# Visual Studio 15
VisualStudioVersion = 15.0.28010.2046
MinimumVisualStudioVersion = 10.0.40219.1
Project("{FAE04EC0-301F-11D3-BF4B-00C04F79EFBC}") = "MultivalueDictionaryApp", "MultivalueDictionaryApp\MultivalueDictionaryApp.csproj", "{84D7F116-A96F-4517-B87C-A63502C59BE8}"
EndProject
Global
	GlobalSection(SolutionConfigurationPlatforms) = preSolution
		Debug|Any CPU = Debug|Any CPU
		Release|Any CPU = Release|Any CPU
	EndGlobalSection
	GlobalSection(ProjectConfigurationPlatforms) = postSolution
		{84D7F116-A96F-4517-B87C-A63502C59BE8}.Debug|Any CPU.ActiveCfg = Debug|Any CPU
		{84D7F116-A96F-4517-B87C-A63502C59BE8}.Debug|Any CPU.Build.0 = Debug|Any CPU
		{84D7F116-A96F-4517-B87C-A63502C59BE8}.Release|Any CPU.ActiveCfg = Release|Any CPU
		{84D7F116-A96F-4517-B87C-A63502C59BE8}.Release|Any CPU.Build.0 = Release|Any CPU
	EndGlobalSection
	GlobalSection(SolutionProperties) = preSolution
		HideSolutionNode = FALSE
	EndGlobalSection
	GlobalSection(ExtensibilityGlobals) = postSolution
		SolutionGuid = {010F3728-CFB2-4846-AA9D-1B191C307D68}
	EndGlobalSection
EndGlobal
